
Microsoft Visual Studio Solution File, Format Version 12.00
# Visual Studio 15
VisualStudioVersion = 15.0.28010.2046
MinimumVisualStudioVersion = 10.0.40219.1
Project("{FAE04EC0-301F-11D3-BF4B-00C04F79EFBC}") = "HelloSecurity", "HelloSecurity\HelloSecurity.csproj", "{3BE87F87-95F5-4830-B754-54C71B9A8A7B}"
EndProject
Global
	GlobalSection(SolutionConfigurationPlatforms) = preSolution
		Debug|Any CPU = Debug|Any CPU
		Release|Any CPU = Release|Any CPU
	EndGlobalSection
	GlobalSection(ProjectConfigurationPlatforms) = postSolution
		{3BE87F87-95F5-4830-B754-54C71B9A8A7B}.Debug|Any CPU.ActiveCfg = Debug|Any CPU
		{3BE87F87-95F5-4830-B754-54C71B9A8A7B}.Debug|Any CPU.Build.0 = Debug|Any CPU
		{3BE87F87-95F5-4830-B754-54C71B9A8A7B}.Release|Any CPU.ActiveCfg = Release|Any CPU
		{3BE87F87-95F5-4830-B754-54C71B9A8A7B}.Release|Any CPU.Build.0 = Release|Any CPU
	EndGlobalSection
	GlobalSection(SolutionProperties) = preSolution
		HideSolutionNode = FALSE
	EndGlobalSection
	GlobalSection(ExtensibilityGlobals) = postSolution
		SolutionGuid = {800537BF-9131-4368-9662-95949B4E99EE}
	EndGlobalSection
EndGlobal
